
Microsoft Visual Studio Solution File, Format Version 11.00
# Visual Studio 2010
Project("{FAE04EC0-301F-11D3-BF4B-00C04F79EFBC}") = "PhotonUnityNetworking.Utilities", "PhotonUnityNetworking.Utilities.csproj", "{b0e888df-322f-4900-2233-d37a025ddf3c}"
EndProject
Project("{FAE04EC0-301F-11D3-BF4B-00C04F79EFBC}") = "Assembly-CSharp", "Assembly-CSharp.csproj", "{c7ea2200-c43d-0b00-34be-f96fadc783f0}"
EndProject
Project("{FAE04EC0-301F-11D3-BF4B-00C04F79EFBC}") = "PhotonUnityNetworking.Demos", "PhotonUnityNetworking.Demos.csproj", "{8dc83eff-aa15-e63f-6cb7-dc20c9e4917b}"
EndProject
Project("{FAE04EC0-301F-11D3-BF4B-00C04F79EFBC}") = "PhotonUnityNetworking", "PhotonUnityNetworking.csproj", "{381a1d63-8169-b961-41a1-ffce03ef9587}"
EndProject
Project("{FAE04EC0-301F-11D3-BF4B-00C04F79EFBC}") = "PhotonChat", "PhotonChat.csproj", "{f5c875c0-68ee-c970-56fb-be9b1fa32449}"
EndProject
Project("{FAE04EC0-301F-11D3-BF4B-00C04F79EFBC}") = "PhotonRealtime", "PhotonRealtime.csproj", "{ffccd937-d252-b4b5-a356-0721988d5e20}"
EndProject
Project("{FAE04EC0-301F-11D3-BF4B-00C04F79EFBC}") = "AstarPathfindingProject", "AstarPathfindingProject.csproj", "{029afef3-0377-91ad-bdfe-09b34651c36f}"
EndProject
Project("{FAE04EC0-301F-11D3-BF4B-00C04F79EFBC}") = "PhotonUnityNetworking.Editor", "PhotonUnityNetworking.Editor.csproj", "{5caa56cd-dd6c-877c-d141-0519d262dcc0}"
EndProject
Project("{FAE04EC0-301F-11D3-BF4B-00C04F79EFBC}") = "Assembly-CSharp-Editor", "Assembly-CSharp-Editor.csproj", "{ace1a5d4-21c4-3c9e-1565-3628cc176747}"
EndProject
Project("{FAE04EC0-301F-11D3-BF4B-00C04F79EFBC}") = "PhotonUnityNetworking.Utilities.PhotonPlayer.Editor", "PhotonUnityNetworking.Utilities.PhotonPlayer.Editor.csproj", "{4340dfe2-72ad-ceaa-d44f-24977611cb01}"
EndProject
Project("{FAE04EC0-301F-11D3-BF4B-00C04F79EFBC}") = "PunDemos.DemoSlotcarEditor", "PunDemos.DemoSlotcarEditor.csproj", "{95419219-8f4e-2f5d-cd12-b5713dafcc1a}"
EndProject
Project("{FAE04EC0-301F-11D3-BF4B-00C04F79EFBC}") = "PhotonUnityNetworking.Utilities.Culling.Editor", "PhotonUnityNetworking.Utilities.Culling.Editor.csproj", "{bad82805-5397-f933-ab1a-d721bfe08cb1}"
EndProject
Project("{FAE04EC0-301F-11D3-BF4B-00C04F79EFBC}") = "PunDemos.DemoHubEditor", "PunDemos.DemoHubEditor.csproj", "{b9c19cc3-252c-3114-aa38-e23b526c6b66}"
EndProject
Project("{FAE04EC0-301F-11D3-BF4B-00C04F79EFBC}") = "AstarPathfindingProjectEditor", "AstarPathfindingProjectEditor.csproj", "{d824fedd-f381-69ca-ce78-773c71eb134d}"
EndProject
Project("{FAE04EC0-301F-11D3-BF4B-00C04F79EFBC}") = "PackageToolsEditor", "PackageToolsEditor.csproj", "{fa8b786c-d3d5-1b15-ca60-37dad97dcd89}"
EndProject
Project("{FAE04EC0-301F-11D3-BF4B-00C04F79EFBC}") = "PhotonUnityNetworking.Utilities", "PhotonUnityNetworking.Utilities.Player.csproj", "{0e2592ee-7b57-9f3f-c6dd-c450646fea01}"
EndProject
Project("{FAE04EC0-301F-11D3-BF4B-00C04F79EFBC}") = "Assembly-CSharp", "Assembly-CSharp.Player.csproj", "{d89d4585-b24b-8fce-2b54-217273920aac}"
EndProject
Project("{FAE04EC0-301F-11D3-BF4B-00C04F79EFBC}") = "PhotonUnityNetworking.Demos", "PhotonUnityNetworking.Demos.Player.csproj", "{cb6be7c1-2990-73e9-037c-8b8a0e02a6b8}"
EndProject
Project("{FAE04EC0-301F-11D3-BF4B-00C04F79EFBC}") = "PhotonUnityNetworking", "PhotonUnityNetworking.Player.csproj", "{59874872-8da4-c25f-e18a-0497138cfa15}"
EndProject
Project("{FAE04EC0-301F-11D3-BF4B-00C04F79EFBC}") = "PhotonChat", "PhotonChat.Player.csproj", "{2c03f201-cfc1-42c9-41bf-059345c3caf2}"
EndProject
Project("{FAE04EC0-301F-11D3-BF4B-00C04F79EFBC}") = "PhotonRealtime", "PhotonRealtime.Player.csproj", "{9bbaba35-453d-a144-5401-4daac76b35d8}"
EndProject
Project("{FAE04EC0-301F-11D3-BF4B-00C04F79EFBC}") = "AstarPathfindingProject", "AstarPathfindingProject.Player.csproj", "{5f6c956e-afc9-a800-f3c1-b8bac27693fa}"
EndProject
Global
	GlobalSection(SolutionConfigurationPlatforms) = preSolution
		Debug|Any CPU = Debug|Any CPU
		Release|Any CPU = Release|Any CPU
	EndGlobalSection
	GlobalSection(ProjectConfigurationPlatforms) = postSolution
		{b0e888df-322f-4900-2233-d37a025ddf3c}.Debug|Any CPU.ActiveCfg = Debug|Any CPU
		{b0e888df-322f-4900-2233-d37a025ddf3c}.Debug|Any CPU.Build.0 = Debug|Any CPU
		{b0e888df-322f-4900-2233-d37a025ddf3c}.Release|Any CPU.ActiveCfg = Release|Any CPU
		{b0e888df-322f-4900-2233-d37a025ddf3c}.Release|Any CPU.Build.0 = Release|Any CPU
		{c7ea2200-c43d-0b00-34be-f96fadc783f0}.Debug|Any CPU.ActiveCfg = Debug|Any CPU
		{c7ea2200-c43d-0b00-34be-f96fadc783f0}.Debug|Any CPU.Build.0 = Debug|Any CPU
		{c7ea2200-c43d-0b00-34be-f96fadc783f0}.Release|Any CPU.ActiveCfg = Release|Any CPU
		{c7ea2200-c43d-0b00-34be-f96fadc783f0}.Release|Any CPU.Build.0 = Release|Any CPU
		{8dc83eff-aa15-e63f-6cb7-dc20c9e4917b}.Debug|Any CPU.ActiveCfg = Debug|Any CPU
		{8dc83eff-aa15-e63f-6cb7-dc20c9e4917b}.Debug|Any CPU.Build.0 = Debug|Any CPU
		{8dc83eff-aa15-e63f-6cb7-dc20c9e4917b}.Release|Any CPU.ActiveCfg = Release|Any CPU
		{8dc83eff-aa15-e63f-6cb7-dc20c9e4917b}.Release|Any CPU.Build.0 = Release|Any CPU
		{381a1d63-8169-b961-41a1-ffce03ef9587}.Debug|Any CPU.ActiveCfg = Debug|Any CPU
		{381a1d63-8169-b961-41a1-ffce03ef9587}.Debug|Any CPU.Build.0 = Debug|Any CPU
		{381a1d63-8169-b961-41a1-ffce03ef9587}.Release|Any CPU.ActiveCfg = Release|Any CPU
		{381a1d63-8169-b961-41a1-ffce03ef9587}.Release|Any CPU.Build.0 = Release|Any CPU
		{f5c875c0-68ee-c970-56fb-be9b1fa32449}.Debug|Any CPU.ActiveCfg = Debug|Any CPU
		{f5c875c0-68ee-c970-56fb-be9b1fa32449}.Debug|Any CPU.Build.0 = Debug|Any CPU
		{f5c875c0-68ee-c970-56fb-be9b1fa32449}.Release|Any CPU.ActiveCfg = Release|Any CPU
		{f5c875c0-68ee-c970-56fb-be9b1fa32449}.Release|Any CPU.Build.0 = Release|Any CPU
		{ffccd937-d252-b4b5-a356-0721988d5e20}.Debug|Any CPU.ActiveCfg = Debug|Any CPU
		{ffccd937-d252-b4b5-a356-0721988d5e20}.Debug|Any CPU.Build.0 = Debug|Any CPU
		{ffccd937-d252-b4b5-a356-0721988d5e20}.Release|Any CPU.ActiveCfg = Release|Any CPU
		{ffccd937-d252-b4b5-a356-0721988d5e20}.Release|Any CPU.Build.0 = Release|Any CPU
		{029afef3-0377-91ad-bdfe-09b34651c36f}.Debug|Any CPU.ActiveCfg = Debug|Any CPU
		{029afef3-0377-91ad-bdfe-09b34651c36f}.Debug|Any CPU.Build.0 = Debug|Any CPU
		{029afef3-0377-91ad-bdfe-09b34651c36f}.Release|Any CPU.ActiveCfg = Release|Any CPU
		{029afef3-0377-91ad-bdfe-09b34651c36f}.Release|Any CPU.Build.0 = Release|Any CPU
		{5caa56cd-dd6c-877c-d141-0519d262dcc0}.Debug|Any CPU.ActiveCfg = Debug|Any CPU
		{5caa56cd-dd6c-877c-d141-0519d262dcc0}.Debug|Any CPU.Build.0 = Debug|Any CPU
		{5caa56cd-dd6c-877c-d141-0519d262dcc0}.Release|Any CPU.ActiveCfg = Release|Any CPU
		{5caa56cd-dd6c-877c-d141-0519d262dcc0}.Release|Any CPU.Build.0 = Release|Any CPU
		{ace1a5d4-21c4-3c9e-1565-3628cc176747}.Debug|Any CPU.ActiveCfg = Debug|Any CPU
		{ace1a5d4-21c4-3c9e-1565-3628cc176747}.Debug|Any CPU.Build.0 = Debug|Any CPU
		{ace1a5d4-21c4-3c9e-1565-3628cc176747}.Release|Any CPU.ActiveCfg = Release|Any CPU
		{ace1a5d4-21c4-3c9e-1565-3628cc176747}.Release|Any CPU.Build.0 = Release|Any CPU
		{4340dfe2-72ad-ceaa-d44f-24977611cb01}.Debug|Any CPU.ActiveCfg = Debug|Any CPU
		{4340dfe2-72ad-ceaa-d44f-24977611cb01}.Debug|Any CPU.Build.0 = Debug|Any CPU
		{4340dfe2-72ad-ceaa-d44f-24977611cb01}.Release|Any CPU.ActiveCfg = Release|Any CPU
		{4340dfe2-72ad-ceaa-d44f-24977611cb01}.Release|Any CPU.Build.0 = Release|Any CPU
		{95419219-8f4e-2f5d-cd12-b5713dafcc1a}.Debug|Any CPU.ActiveCfg = Debug|Any CPU
		{95419219-8f4e-2f5d-cd12-b5713dafcc1a}.Debug|Any CPU.Build.0 = Debug|Any CPU
		{95419219-8f4e-2f5d-cd12-b5713dafcc1a}.Release|Any CPU.ActiveCfg = Release|Any CPU
		{95419219-8f4e-2f5d-cd12-b5713dafcc1a}.Release|Any CPU.Build.0 = Release|Any CPU
		{bad82805-5397-f933-ab1a-d721bfe08cb1}.Debug|Any CPU.ActiveCfg = Debug|Any CPU
		{bad82805-5397-f933-ab1a-d721bfe08cb1}.Debug|Any CPU.Build.0 = Debug|Any CPU
		{bad82805-5397-f933-ab1a-d721bfe08cb1}.Release|Any CPU.ActiveCfg = Release|Any CPU
		{bad82805-5397-f933-ab1a-d721bfe08cb1}.Release|Any CPU.Build.0 = Release|Any CPU
		{b9c19cc3-252c-3114-aa38-e23b526c6b66}.Debug|Any CPU.ActiveCfg = Debug|Any CPU
		{b9c19cc3-252c-3114-aa38-e23b526c6b66}.Debug|Any CPU.Build.0 = Debug|Any CPU
		{b9c19cc3-252c-3114-aa38-e23b526c6b66}.Release|Any CPU.ActiveCfg = Release|Any CPU
		{b9c19cc3-252c-3114-aa38-e23b526c6b66}.Release|Any CPU.Build.0 = Release|Any CPU
		{d824fedd-f381-69ca-ce78-773c71eb134d}.Debug|Any CPU.ActiveCfg = Debug|Any CPU
		{d824fedd-f381-69ca-ce78-773c71eb134d}.Debug|Any CPU.Build.0 = Debug|Any CPU
		{d824fedd-f381-69ca-ce78-773c71eb134d}.Release|Any CPU.ActiveCfg = Release|Any CPU
		{d824fedd-f381-69ca-ce78-773c71eb134d}.Release|Any CPU.Build.0 = Release|Any CPU
		{fa8b786c-d3d5-1b15-ca60-37dad97dcd89}.Debug|Any CPU.ActiveCfg = Debug|Any CPU
		{fa8b786c-d3d5-1b15-ca60-37dad97dcd89}.Debug|Any CPU.Build.0 = Debug|Any CPU
		{fa8b786c-d3d5-1b15-ca60-37dad97dcd89}.Release|Any CPU.ActiveCfg = Release|Any CPU
		{fa8b786c-d3d5-1b15-ca60-37dad97dcd89}.Release|Any CPU.Build.0 = Release|Any CPU
		{0e2592ee-7b57-9f3f-c6dd-c450646fea01}.Debug|Any CPU.ActiveCfg = Debug|Any CPU
		{0e2592ee-7b57-9f3f-c6dd-c450646fea01}.Debug|Any CPU.Build.0 = Debug|Any CPU
		{0e2592ee-7b57-9f3f-c6dd-c450646fea01}.Release|Any CPU.ActiveCfg = Release|Any CPU
		{0e2592ee-7b57-9f3f-c6dd-c450646fea01}.Release|Any CPU.Build.0 = Release|Any CPU
		{d89d4585-b24b-8fce-2b54-217273920aac}.Debug|Any CPU.ActiveCfg = Debug|Any CPU
		{d89d4585-b24b-8fce-2b54-217273920aac}.Debug|Any CPU.Build.0 = Debug|Any CPU
		{d89d4585-b24b-8fce-2b54-217273920aac}.Release|Any CPU.ActiveCfg = Release|Any CPU
		{d89d4585-b24b-8fce-2b54-217273920aac}.Release|Any CPU.Build.0 = Release|Any CPU
		{cb6be7c1-2990-73e9-037c-8b8a0e02a6b8}.Debug|Any CPU.ActiveCfg = Debug|Any CPU
		{cb6be7c1-2990-73e9-037c-8b8a0e02a6b8}.Debug|Any CPU.Build.0 = Debug|Any CPU
		{cb6be7c1-2990-73e9-037c-8b8a0e02a6b8}.Release|Any CPU.ActiveCfg = Release|Any CPU
		{cb6be7c1-2990-73e9-037c-8b8a0e02a6b8}.Release|Any CPU.Build.0 = Release|Any CPU
		{59874872-8da4-c25f-e18a-0497138cfa15}.Debug|Any CPU.ActiveCfg = Debug|Any CPU
		{59874872-8da4-c25f-e18a-0497138cfa15}.Debug|Any CPU.Build.0 = Debug|Any CPU
		{59874872-8da4-c25f-e18a-0497138cfa15}.Release|Any CPU.ActiveCfg = Release|Any CPU
		{59874872-8da4-c25f-e18a-0497138cfa15}.Release|Any CPU.Build.0 = Release|Any CPU
		{2c03f201-cfc1-42c9-41bf-059345c3caf2}.Debug|Any CPU.ActiveCfg = Debug|Any CPU
		{2c03f201-cfc1-42c9-41bf-059345c3caf2}.Debug|Any CPU.Build.0 = Debug|Any CPU
		{2c03f201-cfc1-42c9-41bf-059345c3caf2}.Release|Any CPU.ActiveCfg = Release|Any CPU
		{2c03f201-cfc1-42c9-41bf-059345c3caf2}.Release|Any CPU.Build.0 = Release|Any CPU
		{9bbaba35-453d-a144-5401-4daac76b35d8}.Debug|Any CPU.ActiveCfg = Debug|Any CPU
		{9bbaba35-453d-a144-5401-4daac76b35d8}.Debug|Any CPU.Build.0 = Debug|Any CPU
		{9bbaba35-453d-a144-5401-4daac76b35d8}.Release|Any CPU.ActiveCfg = Release|Any CPU
		{9bbaba35-453d-a144-5401-4daac76b35d8}.Release|Any CPU.Build.0 = Release|Any CPU
		{5f6c956e-afc9-a800-f3c1-b8bac27693fa}.Debug|Any CPU.ActiveCfg = Debug|Any CPU
		{5f6c956e-afc9-a800-f3c1-b8bac27693fa}.Debug|Any CPU.Build.0 = Debug|Any CPU
		{5f6c956e-afc9-a800-f3c1-b8bac27693fa}.Release|Any CPU.ActiveCfg = Release|Any CPU
		{5f6c956e-afc9-a800-f3c1-b8bac27693fa}.Release|Any CPU.Build.0 = Release|Any CPU
	EndGlobalSection
	GlobalSection(SolutionProperties) = preSolution
		HideSolutionNode = FALSE
	EndGlobalSection
EndGlobal
