
Microsoft Visual Studio Solution File, Format Version 11.00
# Visual Studio 2010
Project("{FAE04EC0-301F-11D3-BF4B-00C04F79EFBC}") = "PhotonUnityNetworking.Utilities", "PhotonUnityNetworking.Utilities.csproj", "{DF88E8B0-2F32-0049-2233-D37A025DDF3C}"
EndProject
Project("{FAE04EC0-301F-11D3-BF4B-00C04F79EFBC}") = "Assembly-CSharp", "Assembly-CSharp.csproj", "{0022EAC7-3DC4-000B-34BE-F96FADC783F0}"
EndProject
Project("{FAE04EC0-301F-11D3-BF4B-00C04F79EFBC}") = "AstarPathfindingProject", "AstarPathfindingProject.csproj", "{F3FE9A02-7703-AD91-BDFE-09B34651C36F}"
EndProject
Project("{FAE04EC0-301F-11D3-BF4B-00C04F79EFBC}") = "PhotonUnityNetworking.Demos", "PhotonUnityNetworking.Demos.csproj", "{FF3EC88D-15AA-3FE6-6CB7-DC20C9E4917B}"
EndProject
Project("{FAE04EC0-301F-11D3-BF4B-00C04F79EFBC}") = "PhotonUnityNetworking", "PhotonUnityNetworking.csproj", "{631D1A38-6981-61B9-41A1-FFCE03EF9587}"
EndProject
Project("{FAE04EC0-301F-11D3-BF4B-00C04F79EFBC}") = "PhotonChat", "PhotonChat.csproj", "{C075C8F5-EE68-70C9-56FB-BE9B1FA32449}"
EndProject
Project("{FAE04EC0-301F-11D3-BF4B-00C04F79EFBC}") = "PhotonRealtime", "PhotonRealtime.csproj", "{37D9CCFF-52D2-B5B4-A356-0721988D5E20}"
EndProject
Project("{FAE04EC0-301F-11D3-BF4B-00C04F79EFBC}") = "PhotonUnityNetworking.Editor", "PhotonUnityNetworking.Editor.csproj", "{CD56AA5C-6CDD-7C87-D141-0519D262DCC0}"
EndProject
Project("{FAE04EC0-301F-11D3-BF4B-00C04F79EFBC}") = "Assembly-CSharp-Editor", "Assembly-CSharp-Editor.csproj", "{D4A5E1AC-C421-9E3C-1565-3628CC176747}"
EndProject
Project("{FAE04EC0-301F-11D3-BF4B-00C04F79EFBC}") = "PackageToolsEditor", "PackageToolsEditor.csproj", "{6C788BFA-D5D3-151B-CA60-37DAD97DCD89}"
EndProject
Project("{FAE04EC0-301F-11D3-BF4B-00C04F79EFBC}") = "AstarPathfindingProjectEditor", "AstarPathfindingProjectEditor.csproj", "{DDFE24D8-81F3-CA69-CE78-773C71EB134D}"
EndProject
Project("{FAE04EC0-301F-11D3-BF4B-00C04F79EFBC}") = "PhotonUnityNetworking.Utilities.PhotonPlayer.Editor", "PhotonUnityNetworking.Utilities.PhotonPlayer.Editor.csproj", "{E2DF4043-AD72-AACE-D44F-24977611CB01}"
EndProject
Project("{FAE04EC0-301F-11D3-BF4B-00C04F79EFBC}") = "PunDemos.DemoSlotcarEditor", "PunDemos.DemoSlotcarEditor.csproj", "{19924195-4E8F-5D2F-CD12-B5713DAFCC1A}"
EndProject
Project("{FAE04EC0-301F-11D3-BF4B-00C04F79EFBC}") = "PhotonUnityNetworking.Utilities.Culling.Editor", "PhotonUnityNetworking.Utilities.Culling.Editor.csproj", "{0528D8BA-9753-33F9-AB1A-D721BFE08CB1}"
EndProject
Project("{FAE04EC0-301F-11D3-BF4B-00C04F79EFBC}") = "PunDemos.DemoHubEditor", "PunDemos.DemoHubEditor.csproj", "{C39CC1B9-2C25-1431-AA38-E23B526C6B66}"
EndProject
Global
	GlobalSection(SolutionConfigurationPlatforms) = preSolution
		Debug|Any CPU = Debug|Any CPU
		Release|Any CPU = Release|Any CPU
	EndGlobalSection
	GlobalSection(ProjectConfigurationPlatforms) = postSolution
		{DF88E8B0-2F32-0049-2233-D37A025DDF3C}.Debug|Any CPU.ActiveCfg = Debug|Any CPU
		{DF88E8B0-2F32-0049-2233-D37A025DDF3C}.Debug|Any CPU.Build.0 = Debug|Any CPU
		{DF88E8B0-2F32-0049-2233-D37A025DDF3C}.Release|Any CPU.ActiveCfg = Release|Any CPU
		{DF88E8B0-2F32-0049-2233-D37A025DDF3C}.Release|Any CPU.Build.0 = Release|Any CPU
		{0022EAC7-3DC4-000B-34BE-F96FADC783F0}.Debug|Any CPU.ActiveCfg = Debug|Any CPU
		{0022EAC7-3DC4-000B-34BE-F96FADC783F0}.Debug|Any CPU.Build.0 = Debug|Any CPU
		{0022EAC7-3DC4-000B-34BE-F96FADC783F0}.Release|Any CPU.ActiveCfg = Release|Any CPU
		{0022EAC7-3DC4-000B-34BE-F96FADC783F0}.Release|Any CPU.Build.0 = Release|Any CPU
		{F3FE9A02-7703-AD91-BDFE-09B34651C36F}.Debug|Any CPU.ActiveCfg = Debug|Any CPU
		{F3FE9A02-7703-AD91-BDFE-09B34651C36F}.Debug|Any CPU.Build.0 = Debug|Any CPU
		{F3FE9A02-7703-AD91-BDFE-09B34651C36F}.Release|Any CPU.ActiveCfg = Release|Any CPU
		{F3FE9A02-7703-AD91-BDFE-09B34651C36F}.Release|Any CPU.Build.0 = Release|Any CPU
		{FF3EC88D-15AA-3FE6-6CB7-DC20C9E4917B}.Debug|Any CPU.ActiveCfg = Debug|Any CPU
		{FF3EC88D-15AA-3FE6-6CB7-DC20C9E4917B}.Debug|Any CPU.Build.0 = Debug|Any CPU
		{FF3EC88D-15AA-3FE6-6CB7-DC20C9E4917B}.Release|Any CPU.ActiveCfg = Release|Any CPU
		{FF3EC88D-15AA-3FE6-6CB7-DC20C9E4917B}.Release|Any CPU.Build.0 = Release|Any CPU
		{631D1A38-6981-61B9-41A1-FFCE03EF9587}.Debug|Any CPU.ActiveCfg = Debug|Any CPU
		{631D1A38-6981-61B9-41A1-FFCE03EF9587}.Debug|Any CPU.Build.0 = Debug|Any CPU
		{631D1A38-6981-61B9-41A1-FFCE03EF9587}.Release|Any CPU.ActiveCfg = Release|Any CPU
		{631D1A38-6981-61B9-41A1-FFCE03EF9587}.Release|Any CPU.Build.0 = Release|Any CPU
		{C075C8F5-EE68-70C9-56FB-BE9B1FA32449}.Debug|Any CPU.ActiveCfg = Debug|Any CPU
		{C075C8F5-EE68-70C9-56FB-BE9B1FA32449}.Debug|Any CPU.Build.0 = Debug|Any CPU
		{C075C8F5-EE68-70C9-56FB-BE9B1FA32449}.Release|Any CPU.ActiveCfg = Release|Any CPU
		{C075C8F5-EE68-70C9-56FB-BE9B1FA32449}.Release|Any CPU.Build.0 = Release|Any CPU
		{37D9CCFF-52D2-B5B4-A356-0721988D5E20}.Debug|Any CPU.ActiveCfg = Debug|Any CPU
		{37D9CCFF-52D2-B5B4-A356-0721988D5E20}.Debug|Any CPU.Build.0 = Debug|Any CPU
		{37D9CCFF-52D2-B5B4-A356-0721988D5E20}.Release|Any CPU.ActiveCfg = Release|Any CPU
		{37D9CCFF-52D2-B5B4-A356-0721988D5E20}.Release|Any CPU.Build.0 = Release|Any CPU
		{CD56AA5C-6CDD-7C87-D141-0519D262DCC0}.Debug|Any CPU.ActiveCfg = Debug|Any CPU
		{CD56AA5C-6CDD-7C87-D141-0519D262DCC0}.Debug|Any CPU.Build.0 = Debug|Any CPU
		{CD56AA5C-6CDD-7C87-D141-0519D262DCC0}.Release|Any CPU.ActiveCfg = Release|Any CPU
		{CD56AA5C-6CDD-7C87-D141-0519D262DCC0}.Release|Any CPU.Build.0 = Release|Any CPU
		{D4A5E1AC-C421-9E3C-1565-3628CC176747}.Debug|Any CPU.ActiveCfg = Debug|Any CPU
		{D4A5E1AC-C421-9E3C-1565-3628CC176747}.Debug|Any CPU.Build.0 = Debug|Any CPU
		{D4A5E1AC-C421-9E3C-1565-3628CC176747}.Release|Any CPU.ActiveCfg = Release|Any CPU
		{D4A5E1AC-C421-9E3C-1565-3628CC176747}.Release|Any CPU.Build.0 = Release|Any CPU
		{6C788BFA-D5D3-151B-CA60-37DAD97DCD89}.Debug|Any CPU.ActiveCfg = Debug|Any CPU
		{6C788BFA-D5D3-151B-CA60-37DAD97DCD89}.Debug|Any CPU.Build.0 = Debug|Any CPU
		{6C788BFA-D5D3-151B-CA60-37DAD97DCD89}.Release|Any CPU.ActiveCfg = Release|Any CPU
		{6C788BFA-D5D3-151B-CA60-37DAD97DCD89}.Release|Any CPU.Build.0 = Release|Any CPU
		{DDFE24D8-81F3-CA69-CE78-773C71EB134D}.Debug|Any CPU.ActiveCfg = Debug|Any CPU
		{DDFE24D8-81F3-CA69-CE78-773C71EB134D}.Debug|Any CPU.Build.0 = Debug|Any CPU
		{DDFE24D8-81F3-CA69-CE78-773C71EB134D}.Release|Any CPU.ActiveCfg = Release|Any CPU
		{DDFE24D8-81F3-CA69-CE78-773C71EB134D}.Release|Any CPU.Build.0 = Release|Any CPU
		{E2DF4043-AD72-AACE-D44F-24977611CB01}.Debug|Any CPU.ActiveCfg = Debug|Any CPU
		{E2DF4043-AD72-AACE-D44F-24977611CB01}.Debug|Any CPU.Build.0 = Debug|Any CPU
		{E2DF4043-AD72-AACE-D44F-24977611CB01}.Release|Any CPU.ActiveCfg = Release|Any CPU
		{E2DF4043-AD72-AACE-D44F-24977611CB01}.Release|Any CPU.Build.0 = Release|Any CPU
		{19924195-4E8F-5D2F-CD12-B5713DAFCC1A}.Debug|Any CPU.ActiveCfg = Debug|Any CPU
		{19924195-4E8F-5D2F-CD12-B5713DAFCC1A}.Debug|Any CPU.Build.0 = Debug|Any CPU
		{19924195-4E8F-5D2F-CD12-B5713DAFCC1A}.Release|Any CPU.ActiveCfg = Release|Any CPU
		{19924195-4E8F-5D2F-CD12-B5713DAFCC1A}.Release|Any CPU.Build.0 = Release|Any CPU
		{0528D8BA-9753-33F9-AB1A-D721BFE08CB1}.Debug|Any CPU.ActiveCfg = Debug|Any CPU
		{0528D8BA-9753-33F9-AB1A-D721BFE08CB1}.Debug|Any CPU.Build.0 = Debug|Any CPU
		{0528D8BA-9753-33F9-AB1A-D721BFE08CB1}.Release|Any CPU.ActiveCfg = Release|Any CPU
		{0528D8BA-9753-33F9-AB1A-D721BFE08CB1}.Release|Any CPU.Build.0 = Release|Any CPU
		{C39CC1B9-2C25-1431-AA38-E23B526C6B66}.Debug|Any CPU.ActiveCfg = Debug|Any CPU
		{C39CC1B9-2C25-1431-AA38-E23B526C6B66}.Debug|Any CPU.Build.0 = Debug|Any CPU
		{C39CC1B9-2C25-1431-AA38-E23B526C6B66}.Release|Any CPU.ActiveCfg = Release|Any CPU
		{C39CC1B9-2C25-1431-AA38-E23B526C6B66}.Release|Any CPU.Build.0 = Release|Any CPU
	EndGlobalSection
	GlobalSection(SolutionProperties) = preSolution
		HideSolutionNode = FALSE
	EndGlobalSection
EndGlobal
